
Microsoft Visual Studio Solution File, Format Version 12.00
# Visual Studio Version 17
VisualStudioVersion = 17.0.31903.59
MinimumVisualStudioVersion = 10.0.40219.1
Project("{FAE04EC0-301F-11D3-BF4B-00C04F79EFBC}") = "Teleop.Core", "Teleop.Core\Teleop.Core.csproj", "{690403C8-2667-47F4-B829-D6506503A61A}"
EndProject
Project("{FAE04EC0-301F-11D3-BF4B-00C04F79EFBC}") = "Teleop.Core.Tests", "Teleop.Core.Tests\Teleop.Core.Tests.csproj", "{7FF1BF06-BCCC-41E0-B597-4B096AF559FD}"
EndProject
Project("{FAE04EC0-301F-11D3-BF4B-00C04F79EFBC}") = "Teleop.Eval", "Teleop.Eval\Teleop.Eval.csproj", "{FAB345A6-1749-436E-8562-8BD0E7743F7D}"
EndProject
Project("{FAE04EC0-301F-11D3-BF4B-00C04F79EFBC}") = "Teleop.RobotHost", "Teleop.RobotHost\Teleop.RobotHost.csproj", "{6C7C66AC-8D1C-4576-BCC9-BB933AF0DB76}"
EndProject
Project("{FAE04EC0-301F-11D3-BF4B-00C04F79EFBC}") = "Teleop.RobotHost.Tests", "Teleop.RobotHost.Tests\Teleop.RobotHost.Tests.csproj", "{E8FBB4A8-42CC-405B-A8A6-8E100CC71A2B}"
EndProject
Project("{FAE04EC0-301F-11D3-BF4B-00C04F79EFBC}") = "Teleop.JetRover", "Teleop.JetRover\Teleop.JetRover.csproj", "{FA25B38F-C035-492E-9634-E19213C933C8}"
EndProject
Project("{FAE04EC0-301F-11D3-BF4B-00C04F79EFBC}") = "Teleop.JetRover.Tests", "Teleop.JetRover.Tests\Teleop.JetRover.Tests.csproj", "{85D341FB-4E4F-4A16-B800-66B435BEC0FC}"
EndProject
Global
	GlobalSection(SolutionConfigurationPlatforms) = preSolution
		Debug|Any CPU = Debug|Any CPU
		Release|Any CPU = Release|Any CPU
	EndGlobalSection
	GlobalSection(SolutionProperties) = preSolution
		HideSolutionNode = FALSE
	EndGlobalSection
	GlobalSection(ProjectConfigurationPlatforms) = postSolution
		{690403C8-2667-47F4-B829-D6506503A61A}.Debug|Any CPU.ActiveCfg = Debug|Any CPU
		{690403C8-2667-47F4-B829-D6506503A61A}.Debug|Any CPU.Build.0 = Debug|Any CPU
		{690403C8-2667-47F4-B829-D6506503A61A}.Release|Any CPU.ActiveCfg = Release|Any CPU
		{690403C8-2667-47F4-B829-D6506503A61A}.Release|Any CPU.Build.0 = Release|Any CPU
		{7FF1BF06-BCCC-41E0-B597-4B096AF559FD}.Debug|Any CPU.ActiveCfg = Debug|Any CPU
		{7FF1BF06-BCCC-41E0-B597-4B096AF559FD}.Debug|Any CPU.Build.0 = Debug|Any CPU
		{7FF1BF06-BCCC-41E0-B597-4B096AF559FD}.Release|Any CPU.ActiveCfg = Release|Any CPU
		{7FF1BF06-BCCC-41E0-B597-4B096AF559FD}.Release|Any CPU.Build.0 = Release|Any CPU
		{FAB345A6-1749-436E-8562-8BD0E7743F7D}.Debug|Any CPU.ActiveCfg = Debug|Any CPU
		{FAB345A6-1749-436E-8562-8BD0E7743F7D}.Debug|Any CPU.Build.0 = Debug|Any CPU
		{FAB345A6-1749-436E-8562-8BD0E7743F7D}.Release|Any CPU.ActiveCfg = Release|Any CPU
		{FAB345A6-1749-436E-8562-8BD0E7743F7D}.Release|Any CPU.Build.0 = Release|Any CPU
		{6C7C66AC-8D1C-4576-BCC9-BB933AF0DB76}.Debug|Any CPU.ActiveCfg = Debug|Any CPU
		{6C7C66AC-8D1C-4576-BCC9-BB933AF0DB76}.Debug|Any CPU.Build.0 = Debug|Any CPU
		{6C7C66AC-8D1C-4576-BCC9-BB933AF0DB76}.Release|Any CPU.ActiveCfg = Release|Any CPU
		{6C7C66AC-8D1C-4576-BCC9-BB933AF0DB76}.Release|Any CPU.Build.0 = Release|Any CPU
		{E8FBB4A8-42CC-405B-A8A6-8E100CC71A2B}.Debug|Any CPU.ActiveCfg = Debug|Any CPU
		{E8FBB4A8-42CC-405B-A8A6-8E100CC71A2B}.Debug|Any CPU.Build.0 = Debug|Any CPU
		{E8FBB4A8-42CC-405B-A8A6-8E100CC71A2B}.Release|Any CPU.ActiveCfg = Release|Any CPU
		{E8FBB4A8-42CC-405B-A8A6-8E100CC71A2B}.Release|Any CPU.Build.0 = Release|Any CPU
		{FA25B38F-C035-492E-9634-E19213C933C8}.Debug|Any CPU.ActiveCfg = Debug|Any CPU
		{FA25B38F-C035-492E-9634-E19213C933C8}.Debug|Any CPU.Build.0 = Debug|Any CPU
		{FA25B38F-C035-492E-9634-E19213C933C8}.Release|Any CPU.ActiveCfg = Release|Any CPU
		{FA25B38F-C035-492E-9634-E19213C933C8}.Release|Any CPU.Build.0 = Release|Any CPU
		{85D341FB-4E4F-4A16-B800-66B435BEC0FC}.Debug|Any CPU.ActiveCfg = Debug|Any CPU
		{85D341FB-4E4F-4A16-B800-66B435BEC0FC}.Debug|Any CPU.Build.0 = Debug|Any CPU
		{85D341FB-4E4F-4A16-B800-66B435BEC0FC}.Release|Any CPU.ActiveCfg = Release|Any CPU
		{85D341FB-4E4F-4A16-B800-66B435BEC0FC}.Release|Any CPU.Build.0 = Release|Any CPU
	EndGlobalSection
EndGlobal
